
Microsoft Visual Studio Solution File, Format Version 12.00
# Visual Studio Version 17
VisualStudioVersion = 17.2.32602.215
MinimumVisualStudioVersion = 10.0.40219.1
Project("{FAE04EC0-301F-11D3-BF4B-00C04F79EFBC}") = "Calculadora", "Calculadora\Calculadora.csproj", "{82EDEE1B-7ED4-4C72-B4B5-30C3FD8E3377}"
EndProject
Global
	GlobalSection(SolutionConfigurationPlatforms) = preSolution
		Debug|Any CPU = Debug|Any CPU
		Release|Any CPU = Release|Any CPU
	EndGlobalSection
	GlobalSection(ProjectConfigurationPlatforms) = postSolution
		{82EDEE1B-7ED4-4C72-B4B5-30C3FD8E3377}.Debug|Any CPU.ActiveCfg = Debug|Any CPU
		{82EDEE1B-7ED4-4C72-B4B5-30C3FD8E3377}.Debug|Any CPU.Build.0 = Debug|Any CPU
		{82EDEE1B-7ED4-4C72-B4B5-30C3FD8E3377}.Release|Any CPU.ActiveCfg = Release|Any CPU
		{82EDEE1B-7ED4-4C72-B4B5-30C3FD8E3377}.Release|Any CPU.Build.0 = Release|Any CPU
	EndGlobalSection
	GlobalSection(SolutionProperties) = preSolution
		HideSolutionNode = FALSE
	EndGlobalSection
	GlobalSection(ExtensibilityGlobals) = postSolution
		SolutionGuid = {2CB4AE26-F8E9-442E-A5B2-92F1131EB56E}
	EndGlobalSection
EndGlobal
